
Microsoft Visual Studio Solution File, Format Version 12.00
# Visual Studio 2012
Project("{FAE04EC0-301F-11D3-BF4B-00C04F79EFBC}") = "Ah.Puch", "Ah.Puch\Ah.Puch.csproj", "{DD0456BF-D05D-40EB-99BA-BAA2EE3A5942}"
EndProject
Global
	GlobalSection(SolutionConfigurationPlatforms) = preSolution
		Debug|Any CPU = Debug|Any CPU
		Release|Any CPU = Release|Any CPU
	EndGlobalSection
	GlobalSection(ProjectConfigurationPlatforms) = postSolution
		{DD0456BF-D05D-40EB-99BA-BAA2EE3A5942}.Debug|Any CPU.ActiveCfg = Debug|Any CPU
		{DD0456BF-D05D-40EB-99BA-BAA2EE3A5942}.Debug|Any CPU.Build.0 = Debug|Any CPU
		{DD0456BF-D05D-40EB-99BA-BAA2EE3A5942}.Release|Any CPU.ActiveCfg = Release|Any CPU
		{DD0456BF-D05D-40EB-99BA-BAA2EE3A5942}.Release|Any CPU.Build.0 = Release|Any CPU
	EndGlobalSection
	GlobalSection(SolutionProperties) = preSolution
		HideSolutionNode = FALSE
	EndGlobalSection
EndGlobal
